# @generated - this file is auto-generated by `mise lock` https://mise.jdx.dev/dev-tools/mise-lock.html

lockfile_version = 1

[[tools.go]]
version = "1.25.8"
backend = "core:go"
specifiers = ["1.25.8"]

[tools.go."platforms.linux-arm64"]
checksum = "sha256:7d137f59f66bb93f40a6b2b11e713adc2a9d0c8d9ae581718e3fad19e5295dc7"
url = "https://dl.google.com/go/go1.25.8.linux-arm64.tar.gz"

[tools.go."platforms.linux-arm64-musl"]
checksum = "sha256:7d137f59f66bb93f40a6b2b11e713adc2a9d0c8d9ae581718e3fad19e5295dc7"
url = "https://dl.google.com/go/go1.25.8.linux-arm64.tar.gz"

[tools.go."platforms.linux-x64"]
checksum = "sha256:ceb5e041bbc3893846bd1614d76cb4681c91dadee579426cf21a63f2d7e03be6"
url = "https://dl.google.com/go/go1.25.8.linux-amd64.tar.gz"

[tools.go."platforms.linux-x64-musl"]
checksum = "sha256:ceb5e041bbc3893846bd1614d76cb4681c91dadee579426cf21a63f2d7e03be6"
url = "https://dl.google.com/go/go1.25.8.linux-amd64.tar.gz"

[tools.go."platforms.macos-arm64"]
checksum = "sha256:c6547959f5dbe8440bf3da972bd65ba900168de5e7ab01464fbdc7ac8375c21c"
url = "https://dl.google.com/go/go1.25.8.darwin-arm64.tar.gz"

[tools.go."platforms.macos-x64"]
checksum = "sha256:a0b8136598baf192af400051cee2481ffb407f4c113a81ff400896e26cbce9e4"
url = "https://dl.google.com/go/go1.25.8.darwin-amd64.tar.gz"

[tools.go."platforms.windows-x64"]
checksum = "sha256:8d4ed9a270b33df7a6d3ff3a5316e103e0042fcc4f0c9a80e40378700bab6794"
url = "https://dl.google.com/go/go1.25.8.windows-amd64.zip"

[[tools.svu]]
version = "3.4.1"
backend = "aqua:caarlos0/svu"
specifiers = ["3.4.1"]

[tools.svu."platforms.linux-arm64"]
checksum = "sha256:801f310be2f91df86868a2de1f61fefaf06e3eb773431be7dde9765ecde4d21c"
url = "https://github.com/caarlos0/svu/releases/download/v3.4.1/svu_3.4.1_linux_arm64.tar.gz"
url_api = "https://api.github.com/repos/caarlos0/svu/releases/assets/410001856"
provenance = "cosign"

[tools.svu."platforms.linux-arm64-musl"]
checksum = "sha256:801f310be2f91df86868a2de1f61fefaf06e3eb773431be7dde9765ecde4d21c"
url = "https://github.com/caarlos0/svu/releases/download/v3.4.1/svu_3.4.1_linux_arm64.tar.gz"
url_api = "https://api.github.com/repos/caarlos0/svu/releases/assets/410001856"
provenance = "cosign"

[tools.svu."platforms.linux-x64"]
checksum = "sha256:7ee8c91998c15109130638dc661a912d5f426e2f8642f6f6c04e6502be920770"
url = "https://github.com/caarlos0/svu/releases/download/v3.4.1/svu_3.4.1_linux_amd64.tar.gz"
url_api = "https://api.github.com/repos/caarlos0/svu/releases/assets/410001859"
provenance = "cosign"

[tools.svu."platforms.linux-x64-musl"]
checksum = "sha256:7ee8c91998c15109130638dc661a912d5f426e2f8642f6f6c04e6502be920770"
url = "https://github.com/caarlos0/svu/releases/download/v3.4.1/svu_3.4.1_linux_amd64.tar.gz"
url_api = "https://api.github.com/repos/caarlos0/svu/releases/assets/410001859"
provenance = "cosign"

[tools.svu."platforms.macos-arm64"]
checksum = "sha256:aeec0a735f12d6313c5b4f295ac2f86e00b56571d241abe5aa0306b41f43efd7"
url = "https://github.com/caarlos0/svu/releases/download/v3.4.1/svu_3.4.1_darwin_all.tar.gz"
url_api = "https://api.github.com/repos/caarlos0/svu/releases/assets/410001878"
provenance = "cosign"

[tools.svu."platforms.macos-x64"]
checksum = "sha256:aeec0a735f12d6313c5b4f295ac2f86e00b56571d241abe5aa0306b41f43efd7"
url = "https://github.com/caarlos0/svu/releases/download/v3.4.1/svu_3.4.1_darwin_all.tar.gz"
url_api = "https://api.github.com/repos/caarlos0/svu/releases/assets/410001878"
provenance = "cosign"

[tools.svu."platforms.windows-x64"]
checksum = "sha256:7f8d17beb8fbe4a5c6e232072e93a71c8338173dafd95eda898bd1838d12b14e"
url = "https://github.com/caarlos0/svu/releases/download/v3.4.1/svu_3.4.1_windows_amd64.zip"
url_api = "https://api.github.com/repos/caarlos0/svu/releases/assets/410001860"
provenance = "cosign"
